
Microsoft Visual Studio Solution File, Format Version 12.00
# Visual Studio 15
VisualStudioVersion = 15.0.27130.2024
MinimumVisualStudioVersion = 10.0.40219.1
Project("{FAE04EC0-301F-11D3-BF4B-00C04F79EFBC}") = "XboxUpdateTool", "XboxUpdateTool\XboxUpdateTool.csproj", "{F991C856-997E-4C07-A2D9-D8E61705FE38}"
EndProject
Global
	GlobalSection(SolutionConfigurationPlatforms) = preSolution
		Debug|Any CPU = Debug|Any CPU
		Release|Any CPU = Release|Any CPU
	EndGlobalSection
	GlobalSection(ProjectConfigurationPlatforms) = postSolution
		{F991C856-997E-4C07-A2D9-D8E61705FE38}.Debug|Any CPU.ActiveCfg = Debug|Any CPU
		{F991C856-997E-4C07-A2D9-D8E61705FE38}.Debug|Any CPU.Build.0 = Debug|Any CPU
		{F991C856-997E-4C07-A2D9-D8E61705FE38}.Release|Any CPU.ActiveCfg = Release|Any CPU
		{F991C856-997E-4C07-A2D9-D8E61705FE38}.Release|Any CPU.Build.0 = Release|Any CPU
	EndGlobalSection
	GlobalSection(SolutionProperties) = preSolution
		HideSolutionNode = FALSE
	EndGlobalSection
	GlobalSection(ExtensibilityGlobals) = postSolution
		SolutionGuid = {E3F43406-38E0-47FB-A5E6-7C24894CBDF5}
	EndGlobalSection
EndGlobal
